
Microsoft Visual Studio Solution File, Format Version 12.00
# Visual Studio 15
VisualStudioVersion = 15.0.28010.2026
MinimumVisualStudioVersion = 10.0.40219.1
Project("{FAE04EC0-301F-11D3-BF4B-00C04F79EFBC}") = "chatServer", "chatServer\chatServer.csproj", "{99E9174A-19CE-46AC-8D82-0B3BECB7C401}"
EndProject
Global
	GlobalSection(SolutionConfigurationPlatforms) = preSolution
		Debug|Any CPU = Debug|Any CPU
		Release|Any CPU = Release|Any CPU
	EndGlobalSection
	GlobalSection(ProjectConfigurationPlatforms) = postSolution
		{99E9174A-19CE-46AC-8D82-0B3BECB7C401}.Debug|Any CPU.ActiveCfg = Debug|Any CPU
		{99E9174A-19CE-46AC-8D82-0B3BECB7C401}.Debug|Any CPU.Build.0 = Debug|Any CPU
		{99E9174A-19CE-46AC-8D82-0B3BECB7C401}.Release|Any CPU.ActiveCfg = Release|Any CPU
		{99E9174A-19CE-46AC-8D82-0B3BECB7C401}.Release|Any CPU.Build.0 = Release|Any CPU
	EndGlobalSection
	GlobalSection(SolutionProperties) = preSolution
		HideSolutionNode = FALSE
	EndGlobalSection
	GlobalSection(ExtensibilityGlobals) = postSolution
		SolutionGuid = {D8130C02-0A1E-445B-B083-7BC9D5792FC3}
	EndGlobalSection
EndGlobal
